{
  "name": "web_fao",
  "lockfileVersion": 2,
  "requires": true,
  "packages": {
    "": {
      "dependencies": {
        "leaflet-html-legend": "^0.3.5"
      }
    },
    "node_modules/leaflet": {
      "version": "1.9.4",
      "resolved": "https://registry.npmjs.org/leaflet/-/leaflet-1.9.4.tgz",
      "integrity": "sha512-nxS1ynzJOmOlHp+iL3FyWqK89GtNL8U8rvlMOsQdTTssxZwCXh8N2NB3GDQOL+YR3XnWyZAxwQixURb+FA74PA==",
      "peer": true
    },
    "node_modules/leaflet-html-legend": {
      "version": "0.3.5",
      "resolved": "https://registry.npmjs.org/leaflet-html-legend/-/leaflet-html-legend-0.3.5.tgz",
      "integrity": "sha512-jYcyug00Ky9HwZhWpy/HFC8nOXXTLuWcQqyBL1YX5qmnMyBctcPUYx+U6STHgP8vcejx6N0C3TrV3JAEgfrYlw==",
      "peerDependencies": {
        "leaflet": "^1.6.0"
      }
    }
  },
  "dependencies": {
    "leaflet": {
      "version": "1.9.4",
      "resolved": "https://registry.npmjs.org/leaflet/-/leaflet-1.9.4.tgz",
      "integrity": "sha512-nxS1ynzJOmOlHp+iL3FyWqK89GtNL8U8rvlMOsQdTTssxZwCXh8N2NB3GDQOL+YR3XnWyZAxwQixURb+FA74PA==",
      "peer": true
    },
    "leaflet-html-legend": {
      "version": "0.3.5",
      "resolved": "https://registry.npmjs.org/leaflet-html-legend/-/leaflet-html-legend-0.3.5.tgz",
      "integrity": "sha512-jYcyug00Ky9HwZhWpy/HFC8nOXXTLuWcQqyBL1YX5qmnMyBctcPUYx+U6STHgP8vcejx6N0C3TrV3JAEgfrYlw==",
      "requires": {}
    }
  }
}
